
Microsoft Visual Studio Solution File, Format Version 12.00
# Visual Studio Version 16
VisualStudioVersion = 16.0.29418.71
MinimumVisualStudioVersion = 10.0.40219.1
Project("{FAE04EC0-301F-11D3-BF4B-00C04F79EFBC}") = "Server", "Server\Server.csproj", "{82DF2D18-3642-472D-A231-990B01D34532}"
EndProject
Project("{FAE04EC0-301F-11D3-BF4B-00C04F79EFBC}") = "Shared", "..\Shared\Shared.csproj", "{8C8A001D-0538-426F-829C-216F6656499A}"
EndProject
Global
	GlobalSection(SolutionConfigurationPlatforms) = preSolution
		Debug|Any CPU = Debug|Any CPU
		Release|Any CPU = Release|Any CPU
	EndGlobalSection
	GlobalSection(ProjectConfigurationPlatforms) = postSolution
		{82DF2D18-3642-472D-A231-990B01D34532}.Debug|Any CPU.ActiveCfg = Debug|Any CPU
		{82DF2D18-3642-472D-A231-990B01D34532}.Debug|Any CPU.Build.0 = Debug|Any CPU
		{82DF2D18-3642-472D-A231-990B01D34532}.Release|Any CPU.ActiveCfg = Release|Any CPU
		{82DF2D18-3642-472D-A231-990B01D34532}.Release|Any CPU.Build.0 = Release|Any CPU
		{8C8A001D-0538-426F-829C-216F6656499A}.Debug|Any CPU.ActiveCfg = Debug|Any CPU
		{8C8A001D-0538-426F-829C-216F6656499A}.Debug|Any CPU.Build.0 = Debug|Any CPU
		{8C8A001D-0538-426F-829C-216F6656499A}.Release|Any CPU.ActiveCfg = Release|Any CPU
		{8C8A001D-0538-426F-829C-216F6656499A}.Release|Any CPU.Build.0 = Release|Any CPU
	EndGlobalSection
	GlobalSection(SolutionProperties) = preSolution
		HideSolutionNode = FALSE
	EndGlobalSection
	GlobalSection(ExtensibilityGlobals) = postSolution
		SolutionGuid = {B6FF987E-D853-4503-9022-1D6280E14556}
	EndGlobalSection
EndGlobal
